
Microsoft Visual Studio Solution File, Format Version 12.00
# Visual Studio Version 17
VisualStudioVersion = 17.8.34330.188
MinimumVisualStudioVersion = 10.0.40219.1
Project("{FAE04EC0-301F-11D3-BF4B-00C04F79EFBC}") = "User", "User\User.csproj", "{2EF96405-BA49-428D-B206-2498D5F54B36}"
EndProject
Global
	GlobalSection(SolutionConfigurationPlatforms) = preSolution
		Debug|Any CPU = Debug|Any CPU
		Release|Any CPU = Release|Any CPU
	EndGlobalSection
	GlobalSection(ProjectConfigurationPlatforms) = postSolution
		{2EF96405-BA49-428D-B206-2498D5F54B36}.Debug|Any CPU.ActiveCfg = Debug|Any CPU
		{2EF96405-BA49-428D-B206-2498D5F54B36}.Debug|Any CPU.Build.0 = Debug|Any CPU
		{2EF96405-BA49-428D-B206-2498D5F54B36}.Release|Any CPU.ActiveCfg = Release|Any CPU
		{2EF96405-BA49-428D-B206-2498D5F54B36}.Release|Any CPU.Build.0 = Release|Any CPU
	EndGlobalSection
	GlobalSection(SolutionProperties) = preSolution
		HideSolutionNode = FALSE
	EndGlobalSection
	GlobalSection(ExtensibilityGlobals) = postSolution
		SolutionGuid = {94364028-A1EB-42C8-AA19-151A26DF600A}
	EndGlobalSection
EndGlobal
